
Microsoft Visual Studio Solution File, Format Version 12.00
# Visual Studio Version 16
VisualStudioVersion = 16.0.29709.97
MinimumVisualStudioVersion = 10.0.40219.1
Project("{FAE04EC0-301F-11D3-BF4B-00C04F79EFBC}") = "BookApp", "BookApp\BookApp.csproj", "{1296D4CC-FE06-4584-93DE-BC6B80DD1A0F}"
EndProject
Global
	GlobalSection(SolutionConfigurationPlatforms) = preSolution
		Debug|Any CPU = Debug|Any CPU
		Release|Any CPU = Release|Any CPU
	EndGlobalSection
	GlobalSection(ProjectConfigurationPlatforms) = postSolution
		{1296D4CC-FE06-4584-93DE-BC6B80DD1A0F}.Debug|Any CPU.ActiveCfg = Debug|Any CPU
		{1296D4CC-FE06-4584-93DE-BC6B80DD1A0F}.Debug|Any CPU.Build.0 = Debug|Any CPU
		{1296D4CC-FE06-4584-93DE-BC6B80DD1A0F}.Release|Any CPU.ActiveCfg = Release|Any CPU
		{1296D4CC-FE06-4584-93DE-BC6B80DD1A0F}.Release|Any CPU.Build.0 = Release|Any CPU
	EndGlobalSection
	GlobalSection(SolutionProperties) = preSolution
		HideSolutionNode = FALSE
	EndGlobalSection
	GlobalSection(ExtensibilityGlobals) = postSolution
		SolutionGuid = {844159EC-E33F-4DED-8F29-9A80307AE635}
	EndGlobalSection
EndGlobal
