
Microsoft Visual Studio Solution File, Format Version 12.00
# Visual Studio Version 16
VisualStudioVersion = 16.0.29709.97
MinimumVisualStudioVersion = 10.0.40219.1
Project("{FAE04EC0-301F-11D3-BF4B-00C04F79EFBC}") = "CodeFirst_02", "CodeFirst_02\CodeFirst_02.csproj", "{334F5DE9-8AA1-421B-97DA-FB6D9C67CE75}"
EndProject
Global
	GlobalSection(SolutionConfigurationPlatforms) = preSolution
		Debug|Any CPU = Debug|Any CPU
		Release|Any CPU = Release|Any CPU
	EndGlobalSection
	GlobalSection(ProjectConfigurationPlatforms) = postSolution
		{334F5DE9-8AA1-421B-97DA-FB6D9C67CE75}.Debug|Any CPU.ActiveCfg = Debug|Any CPU
		{334F5DE9-8AA1-421B-97DA-FB6D9C67CE75}.Debug|Any CPU.Build.0 = Debug|Any CPU
		{334F5DE9-8AA1-421B-97DA-FB6D9C67CE75}.Release|Any CPU.ActiveCfg = Release|Any CPU
		{334F5DE9-8AA1-421B-97DA-FB6D9C67CE75}.Release|Any CPU.Build.0 = Release|Any CPU
	EndGlobalSection
	GlobalSection(SolutionProperties) = preSolution
		HideSolutionNode = FALSE
	EndGlobalSection
	GlobalSection(ExtensibilityGlobals) = postSolution
		SolutionGuid = {17AA6955-6AAA-475D-A756-7902125F59CC}
	EndGlobalSection
EndGlobal
