
Microsoft Visual Studio Solution File, Format Version 12.00
# Visual Studio Version 16
VisualStudioVersion = 16.0.29709.97
MinimumVisualStudioVersion = 10.0.40219.1
Project("{FAE04EC0-301F-11D3-BF4B-00C04F79EFBC}") = "Delegates_test", "Delegates_test\Delegates_test.csproj", "{896BF71B-8C81-4B68-A8C7-55B2EFA1AD19}"
EndProject
Global
	GlobalSection(SolutionConfigurationPlatforms) = preSolution
		Debug|Any CPU = Debug|Any CPU
		Release|Any CPU = Release|Any CPU
	EndGlobalSection
	GlobalSection(ProjectConfigurationPlatforms) = postSolution
		{896BF71B-8C81-4B68-A8C7-55B2EFA1AD19}.Debug|Any CPU.ActiveCfg = Debug|Any CPU
		{896BF71B-8C81-4B68-A8C7-55B2EFA1AD19}.Debug|Any CPU.Build.0 = Debug|Any CPU
		{896BF71B-8C81-4B68-A8C7-55B2EFA1AD19}.Release|Any CPU.ActiveCfg = Release|Any CPU
		{896BF71B-8C81-4B68-A8C7-55B2EFA1AD19}.Release|Any CPU.Build.0 = Release|Any CPU
	EndGlobalSection
	GlobalSection(SolutionProperties) = preSolution
		HideSolutionNode = FALSE
	EndGlobalSection
	GlobalSection(ExtensibilityGlobals) = postSolution
		SolutionGuid = {D236CD7E-C41A-43EA-9AA9-4CA857AD0951}
	EndGlobalSection
EndGlobal
