
Microsoft Visual Studio Solution File, Format Version 12.00
# Visual Studio Version 16
VisualStudioVersion = 16.0.29709.97
MinimumVisualStudioVersion = 10.0.40219.1
Project("{FAE04EC0-301F-11D3-BF4B-00C04F79EFBC}") = "Ef_codefirst_03", "Ef_codefirst_03\Ef_codefirst_03.csproj", "{670B5883-579F-467E-81C7-E75E268E7951}"
EndProject
Global
	GlobalSection(SolutionConfigurationPlatforms) = preSolution
		Debug|Any CPU = Debug|Any CPU
		Release|Any CPU = Release|Any CPU
	EndGlobalSection
	GlobalSection(ProjectConfigurationPlatforms) = postSolution
		{670B5883-579F-467E-81C7-E75E268E7951}.Debug|Any CPU.ActiveCfg = Debug|Any CPU
		{670B5883-579F-467E-81C7-E75E268E7951}.Debug|Any CPU.Build.0 = Debug|Any CPU
		{670B5883-579F-467E-81C7-E75E268E7951}.Release|Any CPU.ActiveCfg = Release|Any CPU
		{670B5883-579F-467E-81C7-E75E268E7951}.Release|Any CPU.Build.0 = Release|Any CPU
	EndGlobalSection
	GlobalSection(SolutionProperties) = preSolution
		HideSolutionNode = FALSE
	EndGlobalSection
	GlobalSection(ExtensibilityGlobals) = postSolution
		SolutionGuid = {D6845222-3958-4CFE-848A-31FA420A4F24}
	EndGlobalSection
EndGlobal
