
Microsoft Visual Studio Solution File, Format Version 12.00
# Visual Studio Version 16
VisualStudioVersion = 16.0.29709.97
MinimumVisualStudioVersion = 10.0.40219.1
Project("{FAE04EC0-301F-11D3-BF4B-00C04F79EFBC}") = "Number_To_Word", "Number_To_Word\Number_To_Word.csproj", "{94B43877-7A2E-458C-9F08-5734E8297C36}"
EndProject
Global
	GlobalSection(SolutionConfigurationPlatforms) = preSolution
		Debug|Any CPU = Debug|Any CPU
		Release|Any CPU = Release|Any CPU
	EndGlobalSection
	GlobalSection(ProjectConfigurationPlatforms) = postSolution
		{94B43877-7A2E-458C-9F08-5734E8297C36}.Debug|Any CPU.ActiveCfg = Debug|Any CPU
		{94B43877-7A2E-458C-9F08-5734E8297C36}.Debug|Any CPU.Build.0 = Debug|Any CPU
		{94B43877-7A2E-458C-9F08-5734E8297C36}.Release|Any CPU.ActiveCfg = Release|Any CPU
		{94B43877-7A2E-458C-9F08-5734E8297C36}.Release|Any CPU.Build.0 = Release|Any CPU
	EndGlobalSection
	GlobalSection(SolutionProperties) = preSolution
		HideSolutionNode = FALSE
	EndGlobalSection
	GlobalSection(ExtensibilityGlobals) = postSolution
		SolutionGuid = {19D80F61-42B8-422C-B7DC-08B417206C4C}
	EndGlobalSection
EndGlobal
