
Microsoft Visual Studio Solution File, Format Version 12.00
# Visual Studio Version 16
VisualStudioVersion = 16.0.29709.97
MinimumVisualStudioVersion = 10.0.40219.1
Project("{FAE04EC0-301F-11D3-BF4B-00C04F79EFBC}") = "xmlWrite", "xmlWrite\xmlWrite.csproj", "{0ACD62EA-F800-486D-B4E2-93610CC2726C}"
EndProject
Global
	GlobalSection(SolutionConfigurationPlatforms) = preSolution
		Debug|Any CPU = Debug|Any CPU
		Release|Any CPU = Release|Any CPU
	EndGlobalSection
	GlobalSection(ProjectConfigurationPlatforms) = postSolution
		{0ACD62EA-F800-486D-B4E2-93610CC2726C}.Debug|Any CPU.ActiveCfg = Debug|Any CPU
		{0ACD62EA-F800-486D-B4E2-93610CC2726C}.Debug|Any CPU.Build.0 = Debug|Any CPU
		{0ACD62EA-F800-486D-B4E2-93610CC2726C}.Release|Any CPU.ActiveCfg = Release|Any CPU
		{0ACD62EA-F800-486D-B4E2-93610CC2726C}.Release|Any CPU.Build.0 = Release|Any CPU
	EndGlobalSection
	GlobalSection(SolutionProperties) = preSolution
		HideSolutionNode = FALSE
	EndGlobalSection
	GlobalSection(ExtensibilityGlobals) = postSolution
		SolutionGuid = {4AD581D6-7D23-4D45-93CE-C743C1641287}
	EndGlobalSection
EndGlobal
