
Microsoft Visual Studio Solution File, Format Version 12.00
# Visual Studio Version 16
VisualStudioVersion = 16.0.29709.97
MinimumVisualStudioVersion = 10.0.40219.1
Project("{FAE04EC0-301F-11D3-BF4B-00C04F79EFBC}") = "WindowsFormsEmail", "WindowsFormsEmail\WindowsFormsEmail.csproj", "{E7F3ABC6-970F-4687-803F-86BB171CB02A}"
EndProject
Global
	GlobalSection(SolutionConfigurationPlatforms) = preSolution
		Debug|Any CPU = Debug|Any CPU
		Release|Any CPU = Release|Any CPU
	EndGlobalSection
	GlobalSection(ProjectConfigurationPlatforms) = postSolution
		{E7F3ABC6-970F-4687-803F-86BB171CB02A}.Debug|Any CPU.ActiveCfg = Debug|Any CPU
		{E7F3ABC6-970F-4687-803F-86BB171CB02A}.Debug|Any CPU.Build.0 = Debug|Any CPU
		{E7F3ABC6-970F-4687-803F-86BB171CB02A}.Release|Any CPU.ActiveCfg = Release|Any CPU
		{E7F3ABC6-970F-4687-803F-86BB171CB02A}.Release|Any CPU.Build.0 = Release|Any CPU
	EndGlobalSection
	GlobalSection(SolutionProperties) = preSolution
		HideSolutionNode = FALSE
	EndGlobalSection
	GlobalSection(ExtensibilityGlobals) = postSolution
		SolutionGuid = {D00CAA4C-C3B7-4D1F-B2CD-3853EC9DCD55}
	EndGlobalSection
EndGlobal
