
Microsoft Visual Studio Solution File, Format Version 12.00
# Visual Studio Version 16
VisualStudioVersion = 16.0.29709.97
MinimumVisualStudioVersion = 10.0.40219.1
Project("{FAE04EC0-301F-11D3-BF4B-00C04F79EFBC}") = "ClassLibCalculation", "ClassLibCalculation\ClassLibCalculation.csproj", "{255C8751-BAD9-4577-BE2D-117D673D1EC0}"
EndProject
Global
	GlobalSection(SolutionConfigurationPlatforms) = preSolution
		Debug|Any CPU = Debug|Any CPU
		Release|Any CPU = Release|Any CPU
	EndGlobalSection
	GlobalSection(ProjectConfigurationPlatforms) = postSolution
		{255C8751-BAD9-4577-BE2D-117D673D1EC0}.Debug|Any CPU.ActiveCfg = Debug|Any CPU
		{255C8751-BAD9-4577-BE2D-117D673D1EC0}.Debug|Any CPU.Build.0 = Debug|Any CPU
		{255C8751-BAD9-4577-BE2D-117D673D1EC0}.Release|Any CPU.ActiveCfg = Release|Any CPU
		{255C8751-BAD9-4577-BE2D-117D673D1EC0}.Release|Any CPU.Build.0 = Release|Any CPU
	EndGlobalSection
	GlobalSection(SolutionProperties) = preSolution
		HideSolutionNode = FALSE
	EndGlobalSection
	GlobalSection(ExtensibilityGlobals) = postSolution
		SolutionGuid = {A86A4117-6AB3-4157-ADEB-6A25AA9E0F6C}
	EndGlobalSection
EndGlobal
